// !$*UTF8*$!
{
	archiveVersion = 1;
	classes = {
	};
	objectVersion = 46;
	objects = {

/* Begin PBXBuildFile section */
		252D9C32178D001400A4C249 /* HighScoresViewController.m in Sources */ = {isa = PBXBuildFile; fileRef = 252D9C31178D001400A4C249 /* HighScoresViewController.m */; };
		258AD9C417831D5000CEF47D /* UIKit.framework in Frameworks */ = {isa = PBXBuildFile; fileRef = 258AD9C317831D5000CEF47D /* UIKit.framework */; };
		258AD9C617831D5000CEF47D /* Foundation.framework in Frameworks */ = {isa = PBXBuildFile; fileRef = 258AD9C517831D5000CEF47D /* Foundation.framework */; };
		258AD9C817831D5000CEF47D /* CoreGraphics.framework in Frameworks */ = {isa = PBXBuildFile; fileRef = 258AD9C717831D5000CEF47D /* CoreGraphics.framework */; };
		258AD9CE17831D5000CEF47D /* InfoPlist.strings in Resources */ = {isa = PBXBuildFile; fileRef = 258AD9CC17831D5000CEF47D /* InfoPlist.strings */; };
		258AD9D017831D5000CEF47D /* main.m in Sources */ = {isa = PBXBuildFile; fileRef = 258AD9CF17831D5000CEF47D /* main.m */; };
		258AD9D417831D5000CEF47D /* AppDelegate.m in Sources */ = {isa = PBXBuildFile; fileRef = 258AD9D317831D5000CEF47D /* AppDelegate.m */; };
		258AD9D617831D5000CEF47D /* Default.png in Resources */ = {isa = PBXBuildFile; fileRef = 258AD9D517831D5000CEF47D /* Default.png */; };
		258AD9D817831D5000CEF47D /* Default@2x.png in Resources */ = {isa = PBXBuildFile; fileRef = 258AD9D717831D5000CEF47D /* Default@2x.png */; };
		258AD9DA17831D5000CEF47D /* Default-568h@2x.png in Resources */ = {isa = PBXBuildFile; fileRef = 258AD9D917831D5000CEF47D /* Default-568h@2x.png */; };
		258AD9DD17831D5000CEF47D /* MainStoryboard.storyboard in Resources */ = {isa = PBXBuildFile; fileRef = 258AD9DB17831D5000CEF47D /* MainStoryboard.storyboard */; };
		258AD9E017831D5000CEF47D /* ViewController.m in Sources */ = {isa = PBXBuildFile; fileRef = 258AD9DF17831D5000CEF47D /* ViewController.m */; };
		258AD9E8178338D300CEF47D /* GameViewController.m in Sources */ = {isa = PBXBuildFile; fileRef = 258AD9E7178338D300CEF47D /* GameViewController.m */; };
		258AD9F117837F6900CEF47D /* Cell.m in Sources */ = {isa = PBXBuildFile; fileRef = 258AD9F017837F6900CEF47D /* Cell.m */; };
		B2CCC29C1BA4501E00F72244 /* MineSweeper_Tests.m in Sources */ = {isa = PBXBuildFile; fileRef = B2CCC29B1BA4501E00F72244 /* MineSweeper_Tests.m */; };
/* End PBXBuildFile section */

/* Begin PBXContainerItemProxy section */
		B2CCC29D1BA4501E00F72244 /* PBXContainerItemProxy */ = {
			isa = PBXContainerItemProxy;
			containerPortal = 258AD9B817831D5000CEF47D /* Project object */;
			proxyType = 1;
			remoteGlobalIDString = 258AD9BF17831D5000CEF47D;
			remoteInfo = MineSweeper;
		};
/* End PBXContainerItemProxy section */

/* Begin PBXFileReference section */
		252D9C30178D001400A4C249 /* HighScoresViewController.h */ = {isa = PBXFileReference; fileEncoding = 4; lastKnownFileType = sourcecode.c.h; path = HighScoresViewController.h; sourceTree = "<group>"; };
		252D9C31178D001400A4C249 /* HighScoresViewController.m */ = {isa = PBXFileReference; fileEncoding = 4; lastKnownFileType = sourcecode.c.objc; path = HighScoresViewController.m; sourceTree = "<group>"; };
		258AD9C017831D5000CEF47D /* MineSweeper.app */ = {isa = PBXFileReference; explicitFileType = wrapper.application; includeInIndex = 0; path = MineSweeper.app; sourceTree = BUILT_PRODUCTS_DIR; };
		258AD9C317831D5000CEF47D /* UIKit.framework */ = {isa = PBXFileReference; lastKnownFileType = wrapper.framework; name = UIKit.framework; path = System/Library/Frameworks/UIKit.framework; sourceTree = SDKROOT; };
		258AD9C517831D5000CEF47D /* Foundation.framework */ = {isa = PBXFileReference; lastKnownFileType = wrapper.framework; name = Foundation.framework; path = System/Library/Frameworks/Foundation.framework; sourceTree = SDKROOT; };
		258AD9C717831D5000CEF47D /* CoreGraphics.framework */ = {isa = PBXFileReference; lastKnownFileType = wrapper.framework; name = CoreGraphics.framework; path = System/Library/Frameworks/CoreGraphics.framework; sourceTree = SDKROOT; };
		258AD9CB17831D5000CEF47D /* MineSweeper-Info.plist */ = {isa = PBXFileReference; lastKnownFileType = text.plist.xml; path = "MineSweeper-Info.plist"; sourceTree = "<group>"; };
		258AD9CD17831D5000CEF47D /* en */ = {isa = PBXFileReference; lastKnownFileType = text.plist.strings; name = en; path = en.lproj/InfoPlist.strings; sourceTree = "<group>"; };
		258AD9CF17831D5000CEF47D /* main.m */ = {isa = PBXFileReference; lastKnownFileType = sourcecode.c.objc; path = main.m; sourceTree = "<group>"; };
		258AD9D117831D5000CEF47D /* MineSweeper-Prefix.pch */ = {isa = PBXFileReference; lastKnownFileType = sourcecode.c.h; path = "MineSweeper-Prefix.pch"; sourceTree = "<group>"; };
		258AD9D217831D5000CEF47D /* AppDelegate.h */ = {isa = PBXFileReference; lastKnownFileType = sourcecode.c.h; path = AppDelegate.h; sourceTree = "<group>"; };
		258AD9D317831D5000CEF47D /* AppDelegate.m */ = {isa = PBXFileReference; lastKnownFileType = sourcecode.c.objc; path = AppDelegate.m; sourceTree = "<group>"; };
		258AD9D517831D5000CEF47D /* Default.png */ = {isa = PBXFileReference; lastKnownFileType = image.png; path = Default.png; sourceTree = "<group>"; };
		258AD9D717831D5000CEF47D /* Default@2x.png */ = {isa = PBXFileReference; lastKnownFileType = image.png; path = "Default@2x.png"; sourceTree = "<group>"; };
		258AD9D917831D5000CEF47D /* Default-568h@2x.png */ = {isa = PBXFileReference; lastKnownFileType = image.png; path = "Default-568h@2x.png"; sourceTree = "<group>"; };
		258AD9DC17831D5000CEF47D /* en */ = {isa = PBXFileReference; lastKnownFileType = file.storyboard; name = en; path = en.lproj/MainStoryboard.storyboard; sourceTree = "<group>"; };
		258AD9DE17831D5000CEF47D /* ViewController.h */ = {isa = PBXFileReference; lastKnownFileType = sourcecode.c.h; path = ViewController.h; sourceTree = "<group>"; };
		258AD9DF17831D5000CEF47D /* ViewController.m */ = {isa = PBXFileReference; lastKnownFileType = sourcecode.c.objc; path = ViewController.m; sourceTree = "<group>"; };
		258AD9E6178338D300CEF47D /* GameViewController.h */ = {isa = PBXFileReference; fileEncoding = 4; lastKnownFileType = sourcecode.c.h; path = GameViewController.h; sourceTree = "<group>"; };
		258AD9E7178338D300CEF47D /* GameViewController.m */ = {isa = PBXFileReference; fileEncoding = 4; lastKnownFileType = sourcecode.c.objc; path = GameViewController.m; sourceTree = "<group>"; };
		258AD9EF17837F6900CEF47D /* Cell.h */ = {isa = PBXFileReference; fileEncoding = 4; lastKnownFileType = sourcecode.c.h; path = Cell.h; sourceTree = "<group>"; };
		258AD9F017837F6900CEF47D /* Cell.m */ = {isa = PBXFileReference; fileEncoding = 4; lastKnownFileType = sourcecode.c.objc; path = Cell.m; sourceTree = "<group>"; };
		7A2ACD91A35C4165933F7327 /* Pods.xcconfig */ = {isa = PBXFileReference; includeInIndex = 1; lastKnownFileType = text.xcconfig; name = Pods.xcconfig; path = Pods/Pods.xcconfig; sourceTree = "<group>"; };
		B2CCC2971BA4501E00F72244 /* MineSweeper Tests.xctest */ = {isa = PBXFileReference; explicitFileType = wrapper.cfbundle; includeInIndex = 0; path = "MineSweeper Tests.xctest"; sourceTree = BUILT_PRODUCTS_DIR; };
		B2CCC29A1BA4501E00F72244 /* Info.plist */ = {isa = PBXFileReference; lastKnownFileType = text.plist.xml; path = Info.plist; sourceTree = "<group>"; };
		B2CCC29B1BA4501E00F72244 /* MineSweeper_Tests.m */ = {isa = PBXFileReference; lastKnownFileType = sourcecode.c.objc; path = MineSweeper_Tests.m; sourceTree = "<group>"; };
		B52B10063F4A43FB81013DF5 /* libPods.a */ = {isa = PBXFileReference; explicitFileType = archive.ar; includeInIndex = 0; path = libPods.a; sourceTree = BUILT_PRODUCTS_DIR; };
/* End PBXFileReference section */

/* Begin PBXFrameworksBuildPhase section */
		258AD9BD17831D5000CEF47D /* Frameworks */ = {
			isa = PBXFrameworksBuildPhase;
			buildActionMask = 2147483647;
			files = (
				258AD9C417831D5000CEF47D /* UIKit.framework in Frameworks */,
				258AD9C617831D5000CEF47D /* Foundation.framework in Frameworks */,
				258AD9C817831D5000CEF47D /* CoreGraphics.framework in Frameworks */,
			);
			runOnlyForDeploymentPostprocessing = 0;
		};
		B2CCC2941BA4501E00F72244 /* Frameworks */ = {
			isa = PBXFrameworksBuildPhase;
			buildActionMask = 2147483647;
			files = (
			);
			runOnlyForDeploymentPostprocessing = 0;
		};
/* End PBXFrameworksBuildPhase section */

/* Begin PBXGroup section */
		258AD9B717831D5000CEF47D = {
			isa = PBXGroup;
			children = (
				258AD9C917831D5000CEF47D /* MineSweeper */,
				B2CCC2981BA4501E00F72244 /* MineSweeper Tests */,
				258AD9C217831D5000CEF47D /* Frameworks */,
				258AD9C117831D5000CEF47D /* Products */,
				7A2ACD91A35C4165933F7327 /* Pods.xcconfig */,
			);
			sourceTree = "<group>";
		};
		258AD9C117831D5000CEF47D /* Products */ = {
			isa = PBXGroup;
			children = (
				258AD9C017831D5000CEF47D /* MineSweeper.app */,
				B2CCC2971BA4501E00F72244 /* MineSweeper Tests.xctest */,
			);
			name = Products;
			sourceTree = "<group>";
		};
		258AD9C217831D5000CEF47D /* Frameworks */ = {
			isa = PBXGroup;
			children = (
				258AD9C317831D5000CEF47D /* UIKit.framework */,
				258AD9C517831D5000CEF47D /* Foundation.framework */,
				258AD9C717831D5000CEF47D /* CoreGraphics.framework */,
				B52B10063F4A43FB81013DF5 /* libPods.a */,
			);
			name = Frameworks;
			sourceTree = "<group>";
		};
		258AD9C917831D5000CEF47D /* MineSweeper */ = {
			isa = PBXGroup;
			children = (
				258AD9D217831D5000CEF47D /* AppDelegate.h */,
				258AD9D317831D5000CEF47D /* AppDelegate.m */,
				258AD9DB17831D5000CEF47D /* MainStoryboard.storyboard */,
				258AD9DE17831D5000CEF47D /* ViewController.h */,
				258AD9DF17831D5000CEF47D /* ViewController.m */,
				258AD9E6178338D300CEF47D /* GameViewController.h */,
				258AD9E7178338D300CEF47D /* GameViewController.m */,
				252D9C30178D001400A4C249 /* HighScoresViewController.h */,
				252D9C31178D001400A4C249 /* HighScoresViewController.m */,
				258AD9EF17837F6900CEF47D /* Cell.h */,
				258AD9F017837F6900CEF47D /* Cell.m */,
				258AD9CA17831D5000CEF47D /* Supporting Files */,
			);
			path = MineSweeper;
			sourceTree = "<group>";
		};
		258AD9CA17831D5000CEF47D /* Supporting Files */ = {
			isa = PBXGroup;
			children = (
				258AD9CB17831D5000CEF47D /* MineSweeper-Info.plist */,
				258AD9CC17831D5000CEF47D /* InfoPlist.strings */,
				258AD9CF17831D5000CEF47D /* main.m */,
				258AD9D117831D5000CEF47D /* MineSweeper-Prefix.pch */,
				258AD9D517831D5000CEF47D /* Default.png */,
				258AD9D717831D5000CEF47D /* Default@2x.png */,
				258AD9D917831D5000CEF47D /* Default-568h@2x.png */,
			);
			name = "Supporting Files";
			sourceTree = "<group>";
		};
		B2CCC2981BA4501E00F72244 /* MineSweeper Tests */ = {
			isa = PBXGroup;
			children = (
				B2CCC29B1BA4501E00F72244 /* MineSweeper_Tests.m */,
				B2CCC2991BA4501E00F72244 /* Supporting Files */,
			);
			path = "MineSweeper Tests";
			sourceTree = "<group>";
		};
		B2CCC2991BA4501E00F72244 /* Supporting Files */ = {
			isa = PBXGroup;
			children = (
				B2CCC29A1BA4501E00F72244 /* Info.plist */,
			);
			name = "Supporting Files";
			sourceTree = "<group>";
		};
/* End PBXGroup section */

/* Begin PBXNativeTarget section */
		258AD9BF17831D5000CEF47D /* MineSweeper */ = {
			isa = PBXNativeTarget;
			buildConfigurationList = 258AD9E317831D5000CEF47D /* Build configuration list for PBXNativeTarget "MineSweeper" */;
			buildPhases = (
				A2DF70F3617146188E729DAE /* Check Pods Manifest.lock */,
				258AD9BC17831D5000CEF47D /* Sources */,
				258AD9BD17831D5000CEF47D /* Frameworks */,
				258AD9BE17831D5000CEF47D /* Resources */,
				34D2617DFC7541FA972C1236 /* Copy Pods Resources */,
			);
			buildRules = (
			);
			dependencies = (
			);
			name = MineSweeper;
			productName = MineSweeper;
			productReference = 258AD9C017831D5000CEF47D /* MineSweeper.app */;
			productType = "com.apple.product-type.application";
		};
		B2CCC2961BA4501E00F72244 /* MineSweeper Tests */ = {
			isa = PBXNativeTarget;
			buildConfigurationList = B2CCC2A11BA4501E00F72244 /* Build configuration list for PBXNativeTarget "MineSweeper Tests" */;
			buildPhases = (
				B2CCC2931BA4501E00F72244 /* Sources */,
				B2CCC2941BA4501E00F72244 /* Frameworks */,
				B2CCC2951BA4501E00F72244 /* Resources */,
			);
			buildRules = (
			);
			dependencies = (
				B2CCC29E1BA4501E00F72244 /* PBXTargetDependency */,
			);
			name = "MineSweeper Tests";
			productName = "MineSweeper Tests";
			productReference = B2CCC2971BA4501E00F72244 /* MineSweeper Tests.xctest */;
			productType = "com.apple.product-type.bundle.unit-test";
		};
/* End PBXNativeTarget section */

/* Begin PBXProject section */
		258AD9B817831D5000CEF47D /* Project object */ = {
			isa = PBXProject;
			attributes = {
				LastUpgradeCheck = 0460;
				ORGANIZATIONNAME = "Eric Honan";
				TargetAttributes = {
					B2CCC2961BA4501E00F72244 = {
						CreatedOnToolsVersion = 6.4;
						TestTargetID = 258AD9BF17831D5000CEF47D;
					};
				};
			};
			buildConfigurationList = 258AD9BB17831D5000CEF47D /* Build configuration list for PBXProject "MineSweeper" */;
			compatibilityVersion = "Xcode 3.2";
			developmentRegion = English;
			hasScannedForEncodings = 0;
			knownRegions = (
				en,
			);
			mainGroup = 258AD9B717831D5000CEF47D;
			productRefGroup = 258AD9C117831D5000CEF47D /* Products */;
			projectDirPath = "";
			projectRoot = "";
			targets = (
				258AD9BF17831D5000CEF47D /* MineSweeper */,
				B2CCC2961BA4501E00F72244 /* MineSweeper Tests */,
			);
		};
/* End PBXProject section */

/* Begin PBXResourcesBuildPhase section */
		258AD9BE17831D5000CEF47D /* Resources */ = {
			isa = PBXResourcesBuildPhase;
			buildActionMask = 2147483647;
			files = (
				258AD9CE17831D5000CEF47D /* InfoPlist.strings in Resources */,
				258AD9D617831D5000CEF47D /* Default.png in Resources */,
				258AD9D817831D5000CEF47D /* Default@2x.png in Resources */,
				258AD9DA17831D5000CEF47D /* Default-568h@2x.png in Resources */,
				258AD9DD17831D5000CEF47D /* MainStoryboard.storyboard in Resources */,
			);
			runOnlyForDeploymentPostprocessing = 0;
		};
		B2CCC2951BA4501E00F72244 /* Resources */ = {
			isa = PBXResourcesBuildPhase;
			buildActionMask = 2147483647;
			files = (
			);
			runOnlyForDeploymentPostprocessing = 0;
		};
/* End PBXResourcesBuildPhase section */

/* Begin PBXShellScriptBuildPhase section */
		34D2617DFC7541FA972C1236 /* Copy Pods Resources */ = {
			isa = PBXShellScriptBuildPhase;
			buildActionMask = 2147483647;
			files = (
			);
			inputPaths = (
			);
			name = "Copy Pods Resources";
			outputPaths = (
			);
			runOnlyForDeploymentPostprocessing = 0;
			shellPath = /bin/sh;
			shellScript = "\"${SRCROOT}/Pods/Pods-resources.sh\"\n";
			showEnvVarsInLog = 0;
		};
		A2DF70F3617146188E729DAE /* Check Pods Manifest.lock */ = {
			isa = PBXShellScriptBuildPhase;
			buildActionMask = 2147483647;
			files = (
			);
			inputPaths = (
			);
			name = "Check Pods Manifest.lock";
			outputPaths = (
			);
			runOnlyForDeploymentPostprocessing = 0;
			shellPath = /bin/sh;
			shellScript = "diff \"${PODS_ROOT}/../Podfile.lock\" \"${PODS_ROOT}/Manifest.lock\" > /dev/null\nif [[ $? != 0 ]] ; then\n    cat << EOM\nerror: The sandbox is not in sync with the Podfile.lock. Run 'pod install' or update your CocoaPods installation.\nEOM\n    exit 1\nfi\n";
			showEnvVarsInLog = 0;
		};
/* End PBXShellScriptBuildPhase section */

/* Begin PBXSourcesBuildPhase section */
		258AD9BC17831D5000CEF47D /* Sources */ = {
			isa = PBXSourcesBuildPhase;
			buildActionMask = 2147483647;
			files = (
				258AD9D017831D5000CEF47D /* main.m in Sources */,
				258AD9D417831D5000CEF47D /* AppDelegate.m in Sources */,
				258AD9E017831D5000CEF47D /* ViewController.m in Sources */,
				258AD9E8178338D300CEF47D /* GameViewController.m in Sources */,
				258AD9F117837F6900CEF47D /* Cell.m in Sources */,
				252D9C32178D001400A4C249 /* HighScoresViewController.m in Sources */,
			);
			runOnlyForDeploymentPostprocessing = 0;
		};
		B2CCC2931BA4501E00F72244 /* Sources */ = {
			isa = PBXSourcesBuildPhase;
			buildActionMask = 2147483647;
			files = (
				B2CCC29C1BA4501E00F72244 /* MineSweeper_Tests.m in Sources */,
			);
			runOnlyForDeploymentPostprocessing = 0;
		};
/* End PBXSourcesBuildPhase section */

/* Begin PBXTargetDependency section */
		B2CCC29E1BA4501E00F72244 /* PBXTargetDependency */ = {
			isa = PBXTargetDependency;
			target = 258AD9BF17831D5000CEF47D /* MineSweeper */;
			targetProxy = B2CCC29D1BA4501E00F72244 /* PBXContainerItemProxy */;
		};
/* End PBXTargetDependency section */

/* Begin PBXVariantGroup section */
		258AD9CC17831D5000CEF47D /* InfoPlist.strings */ = {
			isa = PBXVariantGroup;
			children = (
				258AD9CD17831D5000CEF47D /* en */,
			);
			name = InfoPlist.strings;
			sourceTree = "<group>";
		};
		258AD9DB17831D5000CEF47D /* MainStoryboard.storyboard */ = {
			isa = PBXVariantGroup;
			children = (
				258AD9DC17831D5000CEF47D /* en */,
			);
			name = MainStoryboard.storyboard;
			sourceTree = "<group>";
		};
/* End PBXVariantGroup section */

/* Begin XCBuildConfiguration section */
		258AD9E117831D5000CEF47D /* Debug */ = {
			isa = XCBuildConfiguration;
			buildSettings = {
				ALWAYS_SEARCH_USER_PATHS = NO;
				CLANG_CXX_LANGUAGE_STANDARD = "gnu++0x";
				CLANG_CXX_LIBRARY = "libc++";
				CLANG_ENABLE_OBJC_ARC = YES;
				CLANG_WARN_CONSTANT_CONVERSION = YES;
				CLANG_WARN_EMPTY_BODY = YES;
				CLANG_WARN_ENUM_CONVERSION = YES;
				CLANG_WARN_INT_CONVERSION = YES;
				CLANG_WARN__DUPLICATE_METHOD_MATCH = YES;
				"CODE_SIGN_IDENTITY[sdk=iphoneos*]" = "iPhone Developer";
				COPY_PHASE_STRIP = NO;
				GCC_C_LANGUAGE_STANDARD = gnu99;
				GCC_DYNAMIC_NO_PIC = NO;
				GCC_OPTIMIZATION_LEVEL = 0;
				GCC_PREPROCESSOR_DEFINITIONS = (
					"DEBUG=1",
					"$(inherited)",
				);
				GCC_SYMBOLS_PRIVATE_EXTERN = NO;
				GCC_WARN_ABOUT_RETURN_TYPE = YES;
				GCC_WARN_UNINITIALIZED_AUTOS = YES;
				GCC_WARN_UNUSED_VARIABLE = YES;
				IPHONEOS_DEPLOYMENT_TARGET = 6.1;
				ONLY_ACTIVE_ARCH = YES;
				SDKROOT = iphoneos;
			};
			name = Debug;
		};
		258AD9E217831D5000CEF47D /* Release */ = {
			isa = XCBuildConfiguration;
			buildSettings = {
				ALWAYS_SEARCH_USER_PATHS = NO;
				CLANG_CXX_LANGUAGE_STANDARD = "gnu++0x";
				CLANG_CXX_LIBRARY = "libc++";
				CLANG_ENABLE_OBJC_ARC = YES;
				CLANG_WARN_CONSTANT_CONVERSION = YES;
				CLANG_WARN_EMPTY_BODY = YES;
				CLANG_WARN_ENUM_CONVERSION = YES;
				CLANG_WARN_INT_CONVERSION = YES;
				CLANG_WARN__DUPLICATE_METHOD_MATCH = YES;
				"CODE_SIGN_IDENTITY[sdk=iphoneos*]" = "iPhone Developer";
				COPY_PHASE_STRIP = YES;
				GCC_C_LANGUAGE_STANDARD = gnu99;
				GCC_WARN_ABOUT_RETURN_TYPE = YES;
				GCC_WARN_UNINITIALIZED_AUTOS = YES;
				GCC_WARN_UNUSED_VARIABLE = YES;
				IPHONEOS_DEPLOYMENT_TARGET = 6.1;
				OTHER_CFLAGS = "-DNS_BLOCK_ASSERTIONS=1";
				SDKROOT = iphoneos;
				VALIDATE_PRODUCT = YES;
			};
			name = Release;
		};
		258AD9E417831D5000CEF47D /* Debug */ = {
			isa = XCBuildConfiguration;
			baseConfigurationReference = 7A2ACD91A35C4165933F7327 /* Pods.xcconfig */;
			buildSettings = {
				GCC_PRECOMPILE_PREFIX_HEADER = YES;
				GCC_PREFIX_HEADER = "MineSweeper/MineSweeper-Prefix.pch";
				INFOPLIST_FILE = "MineSweeper/MineSweeper-Info.plist";
				IPHONEOS_DEPLOYMENT_TARGET = 7.0;
				PRODUCT_NAME = "$(TARGET_NAME)";
				WRAPPER_EXTENSION = app;
			};
			name = Debug;
		};
		258AD9E517831D5000CEF47D /* Release */ = {
			isa = XCBuildConfiguration;
			baseConfigurationReference = 7A2ACD91A35C4165933F7327 /* Pods.xcconfig */;
			buildSettings = {
				GCC_PRECOMPILE_PREFIX_HEADER = YES;
				GCC_PREFIX_HEADER = "MineSweeper/MineSweeper-Prefix.pch";
				INFOPLIST_FILE = "MineSweeper/MineSweeper-Info.plist";
				IPHONEOS_DEPLOYMENT_TARGET = 7.0;
				PRODUCT_NAME = "$(TARGET_NAME)";
				WRAPPER_EXTENSION = app;
			};
			name = Release;
		};
		B2CCC29F1BA4501E00F72244 /* Debug */ = {
			isa = XCBuildConfiguration;
			buildSettings = {
				BUNDLE_LOADER = "$(TEST_HOST)";
				CLANG_ENABLE_MODULES = YES;
				CLANG_WARN_BOOL_CONVERSION = YES;
				CLANG_WARN_DIRECT_OBJC_ISA_USAGE = YES_ERROR;
				CLANG_WARN_OBJC_ROOT_CLASS = YES_ERROR;
				CLANG_WARN_UNREACHABLE_CODE = YES;
				DEBUG_INFORMATION_FORMAT = "dwarf-with-dsym";
				ENABLE_STRICT_OBJC_MSGSEND = YES;
				FRAMEWORK_SEARCH_PATHS = (
					"$(SDKROOT)/Developer/Library/Frameworks",
					"$(inherited)",
				);
				GCC_NO_COMMON_BLOCKS = YES;
				GCC_PREPROCESSOR_DEFINITIONS = (
					"DEBUG=1",
					"$(inherited)",
				);
				GCC_WARN_64_TO_32_BIT_CONVERSION = YES;
				GCC_WARN_ABOUT_RETURN_TYPE = YES_ERROR;
				GCC_WARN_UNDECLARED_SELECTOR = YES;
				GCC_WARN_UNINITIALIZED_AUTOS = YES_AGGRESSIVE;
				GCC_WARN_UNUSED_FUNCTION = YES;
				INFOPLIST_FILE = "MineSweeper Tests/Info.plist";
				IPHONEOS_DEPLOYMENT_TARGET = 8.4;
				LD_RUNPATH_SEARCH_PATHS = "$(inherited) @executable_path/Frameworks @loader_path/Frameworks";
				MTL_ENABLE_DEBUG_INFO = YES;
				PRODUCT_NAME = "$(TARGET_NAME)";
				TEST_HOST = "$(BUILT_PRODUCTS_DIR)/MineSweeper.app/MineSweeper";
			};
			name = Debug;
		};
		B2CCC2A01BA4501E00F72244 /* Release */ = {
			isa = XCBuildConfiguration;
			buildSettings = {
				BUNDLE_LOADER = "$(TEST_HOST)";
				CLANG_ENABLE_MODULES = YES;
				CLANG_WARN_BOOL_CONVERSION = YES;
				CLANG_WARN_DIRECT_OBJC_ISA_USAGE = YES_ERROR;
				CLANG_WARN_OBJC_ROOT_CLASS = YES_ERROR;
				CLANG_WARN_UNREACHABLE_CODE = YES;
				COPY_PHASE_STRIP = NO;
				DEBUG_INFORMATION_FORMAT = "dwarf-with-dsym";
				ENABLE_NS_ASSERTIONS = NO;
				ENABLE_STRICT_OBJC_MSGSEND = YES;
				FRAMEWORK_SEARCH_PATHS = (
					"$(SDKROOT)/Developer/Library/Frameworks",
					"$(inherited)",
				);
				GCC_NO_COMMON_BLOCKS = YES;
				GCC_WARN_64_TO_32_BIT_CONVERSION = YES;
				GCC_WARN_ABOUT_RETURN_TYPE = YES_ERROR;
				GCC_WARN_UNDECLARED_SELECTOR = YES;
				GCC_WARN_UNINITIALIZED_AUTOS = YES_AGGRESSIVE;
				GCC_WARN_UNUSED_FUNCTION = YES;
				INFOPLIST_FILE = "MineSweeper Tests/Info.plist";
				IPHONEOS_DEPLOYMENT_TARGET = 8.4;
				LD_RUNPATH_SEARCH_PATHS = "$(inherited) @executable_path/Frameworks @loader_path/Frameworks";
				MTL_ENABLE_DEBUG_INFO = NO;
				PRODUCT_NAME = "$(TARGET_NAME)";
				TEST_HOST = "$(BUILT_PRODUCTS_DIR)/MineSweeper.app/MineSweeper";
			};
			name = Release;
		};
/* End XCBuildConfiguration section */

/* Begin XCConfigurationList section */
		258AD9BB17831D5000CEF47D /* Build configuration list for PBXProject "MineSweeper" */ = {
			isa = XCConfigurationList;
			buildConfigurations = (
				258AD9E117831D5000CEF47D /* Debug */,
				258AD9E217831D5000CEF47D /* Release */,
			);
			defaultConfigurationIsVisible = 0;
			defaultConfigurationName = Release;
		};
		258AD9E317831D5000CEF47D /* Build configuration list for PBXNativeTarget "MineSweeper" */ = {
			isa = XCConfigurationList;
			buildConfigurations = (
				258AD9E417831D5000CEF47D /* Debug */,
				258AD9E517831D5000CEF47D /* Release */,
			);
			defaultConfigurationIsVisible = 0;
			defaultConfigurationName = Release;
		};
		B2CCC2A11BA4501E00F72244 /* Build configuration list for PBXNativeTarget "MineSweeper Tests" */ = {
			isa = XCConfigurationList;
			buildConfigurations = (
				B2CCC29F1BA4501E00F72244 /* Debug */,
				B2CCC2A01BA4501E00F72244 /* Release */,
			);
			defaultConfigurationIsVisible = 0;
		};
/* End XCConfigurationList section */
	};
	rootObject = 258AD9B817831D5000CEF47D /* Project object */;
}
